
Microsoft Visual Studio Solution File, Format Version 12.00
# Visual Studio Version 17
VisualStudioVersion = 17.2.32616.157
MinimumVisualStudioVersion = 10.0.40219.1
Project("{FAE04EC0-301F-11D3-BF4B-00C04F79EFBC}") = "MethodsWithLoopsAndConditionals", "MethodsWithLoopsAndConditionals\MethodsWithLoopsAndConditionals.csproj", "{D05E9804-E152-4878-92EC-B54A7AD114BA}"
EndProject
Global
	GlobalSection(SolutionConfigurationPlatforms) = preSolution
		Debug|Any CPU = Debug|Any CPU
		Release|Any CPU = Release|Any CPU
	EndGlobalSection
	GlobalSection(ProjectConfigurationPlatforms) = postSolution
		{D05E9804-E152-4878-92EC-B54A7AD114BA}.Debug|Any CPU.ActiveCfg = Debug|Any CPU
		{D05E9804-E152-4878-92EC-B54A7AD114BA}.Debug|Any CPU.Build.0 = Debug|Any CPU
		{D05E9804-E152-4878-92EC-B54A7AD114BA}.Release|Any CPU.ActiveCfg = Release|Any CPU
		{D05E9804-E152-4878-92EC-B54A7AD114BA}.Release|Any CPU.Build.0 = Release|Any CPU
	EndGlobalSection
	GlobalSection(SolutionProperties) = preSolution
		HideSolutionNode = FALSE
	EndGlobalSection
	GlobalSection(ExtensibilityGlobals) = postSolution
		SolutionGuid = {9717E95D-A38C-4418-B310-02A2111F5354}
	EndGlobalSection
EndGlobal
